
Microsoft Visual Studio Solution File, Format Version 12.00
# Visual Studio 15
Project("{FAE04EC0-301F-11D3-BF4B-00C04F79EFBC}") = "Assembly-CSharp", "Assembly-CSharp.csproj", "{D86AB141-3B3E-DDD5-26F4-7B4763B32020}"
EndProject
Project("{FAE04EC0-301F-11D3-BF4B-00C04F79EFBC}") = "UnityWebSocket.Runtime", "UnityWebSocket.Runtime.csproj", "{60040805-B42C-B68E-7E2D-E69D60913C72}"
EndProject
Project("{FAE04EC0-301F-11D3-BF4B-00C04F79EFBC}") = "Assembly-CSharp-firstpass", "Assembly-CSharp-firstpass.csproj", "{BACD5749-7577-1797-45ED-E2D3F564A7C9}"
EndProject
Project("{FAE04EC0-301F-11D3-BF4B-00C04F79EFBC}") = "UnityWebSocket.Editor", "UnityWebSocket.Editor.csproj", "{188761FA-59D4-B4BA-92E3-B587FF998887}"
EndProject
Project("{FAE04EC0-301F-11D3-BF4B-00C04F79EFBC}") = "Assembly-CSharp-Editor", "Assembly-CSharp-Editor.csproj", "{9FFD497A-3847-8677-3289-BB3732E234F2}"
EndProject
Global
	GlobalSection(SolutionConfigurationPlatforms) = preSolution
		Debug|Any CPU = Debug|Any CPU
		Release|Any CPU = Release|Any CPU
	EndGlobalSection
	GlobalSection(ProjectConfigurationPlatforms) = postSolution
		{D86AB141-3B3E-DDD5-26F4-7B4763B32020}.Debug|Any CPU.ActiveCfg = Debug|Any CPU
		{D86AB141-3B3E-DDD5-26F4-7B4763B32020}.Debug|Any CPU.Build.0 = Debug|Any CPU
		{D86AB141-3B3E-DDD5-26F4-7B4763B32020}.Release|Any CPU.ActiveCfg = Release|Any CPU
		{D86AB141-3B3E-DDD5-26F4-7B4763B32020}.Release|Any CPU.Build.0 = Release|Any CPU
		{60040805-B42C-B68E-7E2D-E69D60913C72}.Debug|Any CPU.ActiveCfg = Debug|Any CPU
		{60040805-B42C-B68E-7E2D-E69D60913C72}.Debug|Any CPU.Build.0 = Debug|Any CPU
		{60040805-B42C-B68E-7E2D-E69D60913C72}.Release|Any CPU.ActiveCfg = Release|Any CPU
		{60040805-B42C-B68E-7E2D-E69D60913C72}.Release|Any CPU.Build.0 = Release|Any CPU
		{BACD5749-7577-1797-45ED-E2D3F564A7C9}.Debug|Any CPU.ActiveCfg = Debug|Any CPU
		{BACD5749-7577-1797-45ED-E2D3F564A7C9}.Debug|Any CPU.Build.0 = Debug|Any CPU
		{BACD5749-7577-1797-45ED-E2D3F564A7C9}.Release|Any CPU.ActiveCfg = Release|Any CPU
		{BACD5749-7577-1797-45ED-E2D3F564A7C9}.Release|Any CPU.Build.0 = Release|Any CPU
		{188761FA-59D4-B4BA-92E3-B587FF998887}.Debug|Any CPU.ActiveCfg = Debug|Any CPU
		{188761FA-59D4-B4BA-92E3-B587FF998887}.Debug|Any CPU.Build.0 = Debug|Any CPU
		{188761FA-59D4-B4BA-92E3-B587FF998887}.Release|Any CPU.ActiveCfg = Release|Any CPU
		{188761FA-59D4-B4BA-92E3-B587FF998887}.Release|Any CPU.Build.0 = Release|Any CPU
		{9FFD497A-3847-8677-3289-BB3732E234F2}.Debug|Any CPU.ActiveCfg = Debug|Any CPU
		{9FFD497A-3847-8677-3289-BB3732E234F2}.Debug|Any CPU.Build.0 = Debug|Any CPU
		{9FFD497A-3847-8677-3289-BB3732E234F2}.Release|Any CPU.ActiveCfg = Release|Any CPU
		{9FFD497A-3847-8677-3289-BB3732E234F2}.Release|Any CPU.Build.0 = Release|Any CPU
	EndGlobalSection
	GlobalSection(SolutionProperties) = preSolution
		HideSolutionNode = FALSE
	EndGlobalSection
EndGlobal
