
Microsoft Visual Studio Solution File, Format Version 12.00
# Visual Studio 15
Project("{FAE04EC0-301F-11D3-BF4B-00C04F79EFBC}") = "Assembly-CSharp-firstpass", "Assembly-CSharp-firstpass.csproj", "{BACD5749-7577-1797-45ED-E2D3F564A7C9}"
EndProject
Project("{FAE04EC0-301F-11D3-BF4B-00C04F79EFBC}") = "Assembly-CSharp", "Assembly-CSharp.csproj", "{D86AB141-3B3E-DDD5-26F4-7B4763B32020}"
EndProject
Global
	GlobalSection(SolutionConfigurationPlatforms) = preSolution
		Debug|Any CPU = Debug|Any CPU
		Release|Any CPU = Release|Any CPU
	EndGlobalSection
	GlobalSection(ProjectConfigurationPlatforms) = postSolution
		{BACD5749-7577-1797-45ED-E2D3F564A7C9}.Debug|Any CPU.ActiveCfg = Debug|Any CPU
		{BACD5749-7577-1797-45ED-E2D3F564A7C9}.Debug|Any CPU.Build.0 = Debug|Any CPU
		{BACD5749-7577-1797-45ED-E2D3F564A7C9}.Release|Any CPU.ActiveCfg = Release|Any CPU
		{BACD5749-7577-1797-45ED-E2D3F564A7C9}.Release|Any CPU.Build.0 = Release|Any CPU
		{D86AB141-3B3E-DDD5-26F4-7B4763B32020}.Debug|Any CPU.ActiveCfg = Debug|Any CPU
		{D86AB141-3B3E-DDD5-26F4-7B4763B32020}.Debug|Any CPU.Build.0 = Debug|Any CPU
		{D86AB141-3B3E-DDD5-26F4-7B4763B32020}.Release|Any CPU.ActiveCfg = Release|Any CPU
		{D86AB141-3B3E-DDD5-26F4-7B4763B32020}.Release|Any CPU.Build.0 = Release|Any CPU
	EndGlobalSection
	GlobalSection(SolutionProperties) = preSolution
		HideSolutionNode = FALSE
	EndGlobalSection
EndGlobal
